// !$*UTF8*$!
{
	archiveVersion = 1;
	classes = {
	};
	objectVersion = 48;
	objects = {

/* Begin PBXBuildFile section */
		4811E0D425274EE2001B0B04 /* AppDelegate.m in Sources */ = {isa = PBXBuildFile; fileRef = 4811E0D325274EE2001B0B04 /* AppDelegate.m */; };
		4811E0D725274EE2001B0B04 /* ViewController.m in Sources */ = {isa = PBXBuildFile; fileRef = 4811E0D625274EE2001B0B04 /* ViewController.m */; };
		4811E0DA25274EE2001B0B04 /* Main.storyboard in Resources */ = {isa = PBXBuildFile; fileRef = 4811E0D825274EE2001B0B04 /* Main.storyboard */; };
		4811E0DD25274EE2001B0B04 /* Demo.xcdatamodeld in Sources */ = {isa = PBXBuildFile; fileRef = 4811E0DB25274EE2001B0B04 /* Demo.xcdatamodeld */; };
		4811E0DF25274EE2001B0B04 /* Assets.xcassets in Resources */ = {isa = PBXBuildFile; fileRef = 4811E0DE25274EE2001B0B04 /* Assets.xcassets */; };
		4811E0E525274EE2001B0B04 /* main.m in Sources */ = {isa = PBXBuildFile; fileRef = 4811E0E425274EE2001B0B04 /* main.m */; };
		4811E0EF25274EE3001B0B04 /* DemoUITests.m in Sources */ = {isa = PBXBuildFile; fileRef = 4811E0EE25274EE3001B0B04 /* DemoUITests.m */; };
		4811E12E252754E4001B0B04 /* iAXLayouts.framework in Frameworks */ = {isa = PBXBuildFile; fileRef = 4811E12F252754E4001B0B04 /* iAXLayouts.framework */; };
		4811E14325278149001B0B04 /* LinearLayoutVerticalController.m in Sources */ = {isa = PBXBuildFile; fileRef = 4811E14225278149001B0B04 /* LinearLayoutVerticalController.m */; };
		4811E1462527A5B2001B0B04 /* LinearLayoutHorizontalController.m in Sources */ = {isa = PBXBuildFile; fileRef = 4811E1452527A5B2001B0B04 /* LinearLayoutHorizontalController.m */; };
		4847E5D72528C778004B7898 /* FrameLayoutController.m in Sources */ = {isa = PBXBuildFile; fileRef = 4847E5D62528C778004B7898 /* FrameLayoutController.m */; };
		4847E5E725290F49004B7898 /* ArcLayoutController.m in Sources */ = {isa = PBXBuildFile; fileRef = 4847E5E625290F49004B7898 /* ArcLayoutController.m */; };
		48F96C86252C88C3005089DF /* RelativeLayoutController.m in Sources */ = {isa = PBXBuildFile; fileRef = 48F96C85252C88C3005089DF /* RelativeLayoutController.m */; };
/* End PBXBuildFile section */

/* Begin PBXContainerItemProxy section */
		4811E0EB25274EE3001B0B04 /* PBXContainerItemProxy */ = {
			isa = PBXContainerItemProxy;
			containerPortal = 4811E0C725274EE2001B0B04 /* Project object */;
			proxyType = 1;
			remoteGlobalIDString = 4811E0CE25274EE2001B0B04;
			remoteInfo = Demo;
		};
/* End PBXContainerItemProxy section */

/* Begin PBXCopyFilesBuildPhase section */
		4811E12725275454001B0B04 /* Embed Frameworks */ = {
			isa = PBXCopyFilesBuildPhase;
			buildActionMask = 2147483647;
			dstPath = "";
			dstSubfolderSpec = 10;
			files = (
			);
			name = "Embed Frameworks";
			runOnlyForDeploymentPostprocessing = 0;
		};
/* End PBXCopyFilesBuildPhase section */

/* Begin PBXFileReference section */
		4811E0CF25274EE2001B0B04 /* Demo.app */ = {isa = PBXFileReference; explicitFileType = wrapper.application; includeInIndex = 0; path = Demo.app; sourceTree = BUILT_PRODUCTS_DIR; };
		4811E0D225274EE2001B0B04 /* AppDelegate.h */ = {isa = PBXFileReference; lastKnownFileType = sourcecode.c.h; path = AppDelegate.h; sourceTree = "<group>"; };
		4811E0D325274EE2001B0B04 /* AppDelegate.m */ = {isa = PBXFileReference; lastKnownFileType = sourcecode.c.objc; path = AppDelegate.m; sourceTree = "<group>"; };
		4811E0D525274EE2001B0B04 /* ViewController.h */ = {isa = PBXFileReference; lastKnownFileType = sourcecode.c.h; path = ViewController.h; sourceTree = "<group>"; };
		4811E0D625274EE2001B0B04 /* ViewController.m */ = {isa = PBXFileReference; lastKnownFileType = sourcecode.c.objc; path = ViewController.m; sourceTree = "<group>"; };
		4811E0D925274EE2001B0B04 /* Base */ = {isa = PBXFileReference; lastKnownFileType = file.storyboard; name = Base; path = Base.lproj/Main.storyboard; sourceTree = "<group>"; };
		4811E0DC25274EE2001B0B04 /* Demo.xcdatamodel */ = {isa = PBXFileReference; lastKnownFileType = wrapper.xcdatamodel; path = Demo.xcdatamodel; sourceTree = "<group>"; };
		4811E0DE25274EE2001B0B04 /* Assets.xcassets */ = {isa = PBXFileReference; lastKnownFileType = folder.assetcatalog; path = Assets.xcassets; sourceTree = "<group>"; };
		4811E0E325274EE2001B0B04 /* Info.plist */ = {isa = PBXFileReference; lastKnownFileType = text.plist.xml; path = Info.plist; sourceTree = "<group>"; };
		4811E0E425274EE2001B0B04 /* main.m */ = {isa = PBXFileReference; lastKnownFileType = sourcecode.c.objc; path = main.m; sourceTree = "<group>"; };
		4811E0EA25274EE3001B0B04 /* DemoUITests.xctest */ = {isa = PBXFileReference; explicitFileType = wrapper.cfbundle; includeInIndex = 0; path = DemoUITests.xctest; sourceTree = BUILT_PRODUCTS_DIR; };
		4811E0EE25274EE3001B0B04 /* DemoUITests.m */ = {isa = PBXFileReference; lastKnownFileType = sourcecode.c.objc; path = DemoUITests.m; sourceTree = "<group>"; };
		4811E0F025274EE3001B0B04 /* Info.plist */ = {isa = PBXFileReference; lastKnownFileType = text.plist.xml; path = Info.plist; sourceTree = "<group>"; };
		4811E0FB25274F0E001B0B04 /* iAXLayouts.framework */ = {isa = PBXFileReference; explicitFileType = wrapper.framework; path = iAXLayouts.framework; sourceTree = BUILT_PRODUCTS_DIR; };
		4811E12325275075001B0B04 /* iAXLayouts.framework */ = {isa = PBXFileReference; explicitFileType = wrapper.framework; path = iAXLayouts.framework; sourceTree = BUILT_PRODUCTS_DIR; };
		4811E1292527546C001B0B04 /* iAXLayouts.framework */ = {isa = PBXFileReference; explicitFileType = wrapper.framework; path = iAXLayouts.framework; sourceTree = BUILT_PRODUCTS_DIR; };
		4811E12B252754B3001B0B04 /* iAXLayouts.framework */ = {isa = PBXFileReference; explicitFileType = wrapper.framework; path = iAXLayouts.framework; sourceTree = BUILT_PRODUCTS_DIR; };
		4811E12C252754BB001B0B04 /* AVKit.framework */ = {isa = PBXFileReference; lastKnownFileType = wrapper.framework; name = AVKit.framework; path = System/Library/Frameworks/AVKit.framework; sourceTree = SDKROOT; };
		4811E12F252754E4001B0B04 /* iAXLayouts.framework */ = {isa = PBXFileReference; explicitFileType = wrapper.framework; path = iAXLayouts.framework; sourceTree = BUILT_PRODUCTS_DIR; };
		4811E14225278149001B0B04 /* LinearLayoutVerticalController.m */ = {isa = PBXFileReference; lastKnownFileType = sourcecode.c.objc; path = LinearLayoutVerticalController.m; sourceTree = "<group>"; };
		4811E14425278155001B0B04 /* LinearLayoutVerticalController.h */ = {isa = PBXFileReference; lastKnownFileType = sourcecode.c.h; path = LinearLayoutVerticalController.h; sourceTree = "<group>"; };
		4811E1452527A5B2001B0B04 /* LinearLayoutHorizontalController.m */ = {isa = PBXFileReference; lastKnownFileType = sourcecode.c.objc; path = LinearLayoutHorizontalController.m; sourceTree = "<group>"; };
		4811E1472527A5BF001B0B04 /* LinearLayoutHorizontalController.h */ = {isa = PBXFileReference; lastKnownFileType = sourcecode.c.h; path = LinearLayoutHorizontalController.h; sourceTree = "<group>"; };
		4847E5D52528C762004B7898 /* FrameLayoutController.h */ = {isa = PBXFileReference; lastKnownFileType = sourcecode.c.h; path = FrameLayoutController.h; sourceTree = "<group>"; };
		4847E5D62528C778004B7898 /* FrameLayoutController.m */ = {isa = PBXFileReference; lastKnownFileType = sourcecode.c.objc; path = FrameLayoutController.m; sourceTree = "<group>"; };
		4847E5E625290F49004B7898 /* ArcLayoutController.m */ = {isa = PBXFileReference; lastKnownFileType = sourcecode.c.objc; path = ArcLayoutController.m; sourceTree = "<group>"; };
		4847E5E825290F51004B7898 /* ArcLayoutController.h */ = {isa = PBXFileReference; lastKnownFileType = sourcecode.c.h; path = ArcLayoutController.h; sourceTree = "<group>"; };
		48F96C85252C88C3005089DF /* RelativeLayoutController.m */ = {isa = PBXFileReference; lastKnownFileType = sourcecode.c.objc; path = RelativeLayoutController.m; sourceTree = "<group>"; };
		48F96C87252C88CC005089DF /* RelativeLayoutController.h */ = {isa = PBXFileReference; lastKnownFileType = sourcecode.c.h; path = RelativeLayoutController.h; sourceTree = "<group>"; };
/* End PBXFileReference section */

/* Begin PBXFrameworksBuildPhase section */
		4811E0CC25274EE2001B0B04 /* Frameworks */ = {
			isa = PBXFrameworksBuildPhase;
			buildActionMask = 2147483647;
			files = (
				4811E12E252754E4001B0B04 /* iAXLayouts.framework in Frameworks */,
			);
			runOnlyForDeploymentPostprocessing = 0;
		};
		4811E0E725274EE3001B0B04 /* Frameworks */ = {
			isa = PBXFrameworksBuildPhase;
			buildActionMask = 2147483647;
			files = (
			);
			runOnlyForDeploymentPostprocessing = 0;
		};
/* End PBXFrameworksBuildPhase section */

/* Begin PBXGroup section */
		4811E0C625274EE2001B0B04 = {
			isa = PBXGroup;
			children = (
				4811E0D125274EE2001B0B04 /* Demo */,
				4811E0ED25274EE3001B0B04 /* DemoUITests */,
				4811E0D025274EE2001B0B04 /* Products */,
				4811E0F925274F0E001B0B04 /* Frameworks */,
			);
			sourceTree = "<group>";
		};
		4811E0D025274EE2001B0B04 /* Products */ = {
			isa = PBXGroup;
			children = (
				4811E0CF25274EE2001B0B04 /* Demo.app */,
				4811E0EA25274EE3001B0B04 /* DemoUITests.xctest */,
			);
			name = Products;
			sourceTree = "<group>";
		};
		4811E0D125274EE2001B0B04 /* Demo */ = {
			isa = PBXGroup;
			children = (
				4811E0D225274EE2001B0B04 /* AppDelegate.h */,
				4811E0D325274EE2001B0B04 /* AppDelegate.m */,
				4811E0D525274EE2001B0B04 /* ViewController.h */,
				4811E0D625274EE2001B0B04 /* ViewController.m */,
				4811E0D825274EE2001B0B04 /* Main.storyboard */,
				4811E0DE25274EE2001B0B04 /* Assets.xcassets */,
				4811E0E325274EE2001B0B04 /* Info.plist */,
				4811E0E425274EE2001B0B04 /* main.m */,
				4811E0DB25274EE2001B0B04 /* Demo.xcdatamodeld */,
				4811E14225278149001B0B04 /* LinearLayoutVerticalController.m */,
				4811E14425278155001B0B04 /* LinearLayoutVerticalController.h */,
				4811E1452527A5B2001B0B04 /* LinearLayoutHorizontalController.m */,
				4811E1472527A5BF001B0B04 /* LinearLayoutHorizontalController.h */,
				4847E5D52528C762004B7898 /* FrameLayoutController.h */,
				4847E5D62528C778004B7898 /* FrameLayoutController.m */,
				4847E5E625290F49004B7898 /* ArcLayoutController.m */,
				4847E5E825290F51004B7898 /* ArcLayoutController.h */,
				48F96C85252C88C3005089DF /* RelativeLayoutController.m */,
				48F96C87252C88CC005089DF /* RelativeLayoutController.h */,
			);
			path = Demo;
			sourceTree = "<group>";
		};
		4811E0ED25274EE3001B0B04 /* DemoUITests */ = {
			isa = PBXGroup;
			children = (
				4811E0EE25274EE3001B0B04 /* DemoUITests.m */,
				4811E0F025274EE3001B0B04 /* Info.plist */,
			);
			path = DemoUITests;
			sourceTree = "<group>";
		};
		4811E0F925274F0E001B0B04 /* Frameworks */ = {
			isa = PBXGroup;
			children = (
				4811E12C252754BB001B0B04 /* AVKit.framework */,
				4811E12F252754E4001B0B04 /* iAXLayouts.framework */,
				4811E12B252754B3001B0B04 /* iAXLayouts.framework */,
				4811E1292527546C001B0B04 /* iAXLayouts.framework */,
				4811E12325275075001B0B04 /* iAXLayouts.framework */,
				4811E0FB25274F0E001B0B04 /* iAXLayouts.framework */,
			);
			name = Frameworks;
			sourceTree = "<group>";
		};
/* End PBXGroup section */

/* Begin PBXNativeTarget section */
		4811E0CE25274EE2001B0B04 /* Demo */ = {
			isa = PBXNativeTarget;
			buildConfigurationList = 4811E0F325274EE3001B0B04 /* Build configuration list for PBXNativeTarget "Demo" */;
			buildPhases = (
				4811E0CB25274EE2001B0B04 /* Sources */,
				4811E0CC25274EE2001B0B04 /* Frameworks */,
				4811E0CD25274EE2001B0B04 /* Resources */,
				4811E12725275454001B0B04 /* Embed Frameworks */,
			);
			buildRules = (
			);
			dependencies = (
			);
			name = Demo;
			productName = Demo;
			productReference = 4811E0CF25274EE2001B0B04 /* Demo.app */;
			productType = "com.apple.product-type.application";
		};
		4811E0E925274EE3001B0B04 /* DemoUITests */ = {
			isa = PBXNativeTarget;
			buildConfigurationList = 4811E0F625274EE3001B0B04 /* Build configuration list for PBXNativeTarget "DemoUITests" */;
			buildPhases = (
				4811E0E625274EE3001B0B04 /* Sources */,
				4811E0E725274EE3001B0B04 /* Frameworks */,
				4811E0E825274EE3001B0B04 /* Resources */,
			);
			buildRules = (
			);
			dependencies = (
				4811E0EC25274EE3001B0B04 /* PBXTargetDependency */,
			);
			name = DemoUITests;
			productName = DemoUITests;
			productReference = 4811E0EA25274EE3001B0B04 /* DemoUITests.xctest */;
			productType = "com.apple.product-type.bundle.ui-testing";
		};
/* End PBXNativeTarget section */

/* Begin PBXProject section */
		4811E0C725274EE2001B0B04 /* Project object */ = {
			isa = PBXProject;
			attributes = {
				LastUpgradeCheck = 0900;
				ORGANIZATIONNAME = "Amir Hossein Aghajari";
				TargetAttributes = {
					4811E0CE25274EE2001B0B04 = {
						CreatedOnToolsVersion = 9.0;
						ProvisioningStyle = Automatic;
					};
					4811E0E925274EE3001B0B04 = {
						CreatedOnToolsVersion = 9.0;
						ProvisioningStyle = Automatic;
						TestTargetID = 4811E0CE25274EE2001B0B04;
					};
				};
			};
			buildConfigurationList = 4811E0CA25274EE2001B0B04 /* Build configuration list for PBXProject "Demo" */;
			compatibilityVersion = "Xcode 8.0";
			developmentRegion = en;
			hasScannedForEncodings = 0;
			knownRegions = (
				en,
				Base,
			);
			mainGroup = 4811E0C625274EE2001B0B04;
			productRefGroup = 4811E0D025274EE2001B0B04 /* Products */;
			projectDirPath = "";
			projectRoot = "";
			targets = (
				4811E0CE25274EE2001B0B04 /* Demo */,
				4811E0E925274EE3001B0B04 /* DemoUITests */,
			);
		};
/* End PBXProject section */

/* Begin PBXResourcesBuildPhase section */
		4811E0CD25274EE2001B0B04 /* Resources */ = {
			isa = PBXResourcesBuildPhase;
			buildActionMask = 2147483647;
			files = (
				4811E0DF25274EE2001B0B04 /* Assets.xcassets in Resources */,
				4811E0DA25274EE2001B0B04 /* Main.storyboard in Resources */,
			);
			runOnlyForDeploymentPostprocessing = 0;
		};
		4811E0E825274EE3001B0B04 /* Resources */ = {
			isa = PBXResourcesBuildPhase;
			buildActionMask = 2147483647;
			files = (
			);
			runOnlyForDeploymentPostprocessing = 0;
		};
/* End PBXResourcesBuildPhase section */

/* Begin PBXSourcesBuildPhase section */
		4811E0CB25274EE2001B0B04 /* Sources */ = {
			isa = PBXSourcesBuildPhase;
			buildActionMask = 2147483647;
			files = (
				4847E5E725290F49004B7898 /* ArcLayoutController.m in Sources */,
				48F96C86252C88C3005089DF /* RelativeLayoutController.m in Sources */,
				4811E0DD25274EE2001B0B04 /* Demo.xcdatamodeld in Sources */,
				4847E5D72528C778004B7898 /* FrameLayoutController.m in Sources */,
				4811E0D725274EE2001B0B04 /* ViewController.m in Sources */,
				4811E1462527A5B2001B0B04 /* LinearLayoutHorizontalController.m in Sources */,
				4811E0E525274EE2001B0B04 /* main.m in Sources */,
				4811E14325278149001B0B04 /* LinearLayoutVerticalController.m in Sources */,
				4811E0D425274EE2001B0B04 /* AppDelegate.m in Sources */,
			);
			runOnlyForDeploymentPostprocessing = 0;
		};
		4811E0E625274EE3001B0B04 /* Sources */ = {
			isa = PBXSourcesBuildPhase;
			buildActionMask = 2147483647;
			files = (
				4811E0EF25274EE3001B0B04 /* DemoUITests.m in Sources */,
			);
			runOnlyForDeploymentPostprocessing = 0;
		};
/* End PBXSourcesBuildPhase section */

/* Begin PBXTargetDependency section */
		4811E0EC25274EE3001B0B04 /* PBXTargetDependency */ = {
			isa = PBXTargetDependency;
			target = 4811E0CE25274EE2001B0B04 /* Demo */;
			targetProxy = 4811E0EB25274EE3001B0B04 /* PBXContainerItemProxy */;
		};
/* End PBXTargetDependency section */

/* Begin PBXVariantGroup section */
		4811E0D825274EE2001B0B04 /* Main.storyboard */ = {
			isa = PBXVariantGroup;
			children = (
				4811E0D925274EE2001B0B04 /* Base */,
			);
			name = Main.storyboard;
			sourceTree = "<group>";
		};
/* End PBXVariantGroup section */

/* Begin XCBuildConfiguration section */
		4811E0F125274EE3001B0B04 /* Debug */ = {
			isa = XCBuildConfiguration;
			buildSettings = {
				ALWAYS_SEARCH_USER_PATHS = NO;
				CLANG_ANALYZER_NONNULL = YES;
				CLANG_ANALYZER_NUMBER_OBJECT_CONVERSION = YES_AGGRESSIVE;
				CLANG_CXX_LANGUAGE_STANDARD = "gnu++14";
				CLANG_CXX_LIBRARY = "libc++";
				CLANG_ENABLE_MODULES = YES;
				CLANG_ENABLE_OBJC_ARC = YES;
				CLANG_WARN_BLOCK_CAPTURE_AUTORELEASING = YES;
				CLANG_WARN_BOOL_CONVERSION = YES;
				CLANG_WARN_COMMA = YES;
				CLANG_WARN_CONSTANT_CONVERSION = YES;
				CLANG_WARN_DIRECT_OBJC_ISA_USAGE = YES_ERROR;
				CLANG_WARN_DOCUMENTATION_COMMENTS = YES;
				CLANG_WARN_EMPTY_BODY = YES;
				CLANG_WARN_ENUM_CONVERSION = YES;
				CLANG_WARN_INFINITE_RECURSION = YES;
				CLANG_WARN_INT_CONVERSION = YES;
				CLANG_WARN_NON_LITERAL_NULL_CONVERSION = YES;
				CLANG_WARN_OBJC_LITERAL_CONVERSION = YES;
				CLANG_WARN_OBJC_ROOT_CLASS = YES_ERROR;
				CLANG_WARN_RANGE_LOOP_ANALYSIS = YES;
				CLANG_WARN_STRICT_PROTOTYPES = YES;
				CLANG_WARN_SUSPICIOUS_MOVE = YES;
				CLANG_WARN_UNGUARDED_AVAILABILITY = YES_AGGRESSIVE;
				CLANG_WARN_UNREACHABLE_CODE = YES;
				CLANG_WARN__DUPLICATE_METHOD_MATCH = YES;
				CODE_SIGN_IDENTITY = "iPhone Developer";
				COPY_PHASE_STRIP = NO;
				DEBUG_INFORMATION_FORMAT = dwarf;
				ENABLE_STRICT_OBJC_MSGSEND = YES;
				ENABLE_TESTABILITY = YES;
				GCC_C_LANGUAGE_STANDARD = gnu11;
				GCC_DYNAMIC_NO_PIC = NO;
				GCC_NO_COMMON_BLOCKS = YES;
				GCC_OPTIMIZATION_LEVEL = 0;
				GCC_PREPROCESSOR_DEFINITIONS = (
					"DEBUG=1",
					"$(inherited)",
				);
				GCC_WARN_64_TO_32_BIT_CONVERSION = YES;
				GCC_WARN_ABOUT_RETURN_TYPE = YES_ERROR;
				GCC_WARN_UNDECLARED_SELECTOR = YES;
				GCC_WARN_UNINITIALIZED_AUTOS = YES_AGGRESSIVE;
				GCC_WARN_UNUSED_FUNCTION = YES;
				GCC_WARN_UNUSED_VARIABLE = YES;
				IPHONEOS_DEPLOYMENT_TARGET = 11.0;
				MTL_ENABLE_DEBUG_INFO = YES;
				ONLY_ACTIVE_ARCH = YES;
				SDKROOT = iphoneos;
			};
			name = Debug;
		};
		4811E0F225274EE3001B0B04 /* Release */ = {
			isa = XCBuildConfiguration;
			buildSettings = {
				ALWAYS_SEARCH_USER_PATHS = NO;
				CLANG_ANALYZER_NONNULL = YES;
				CLANG_ANALYZER_NUMBER_OBJECT_CONVERSION = YES_AGGRESSIVE;
				CLANG_CXX_LANGUAGE_STANDARD = "gnu++14";
				CLANG_CXX_LIBRARY = "libc++";
				CLANG_ENABLE_MODULES = YES;
				CLANG_ENABLE_OBJC_ARC = YES;
				CLANG_WARN_BLOCK_CAPTURE_AUTORELEASING = YES;
				CLANG_WARN_BOOL_CONVERSION = YES;
				CLANG_WARN_COMMA = YES;
				CLANG_WARN_CONSTANT_CONVERSION = YES;
				CLANG_WARN_DIRECT_OBJC_ISA_USAGE = YES_ERROR;
				CLANG_WARN_DOCUMENTATION_COMMENTS = YES;
				CLANG_WARN_EMPTY_BODY = YES;
				CLANG_WARN_ENUM_CONVERSION = YES;
				CLANG_WARN_INFINITE_RECURSION = YES;
				CLANG_WARN_INT_CONVERSION = YES;
				CLANG_WARN_NON_LITERAL_NULL_CONVERSION = YES;
				CLANG_WARN_OBJC_LITERAL_CONVERSION = YES;
				CLANG_WARN_OBJC_ROOT_CLASS = YES_ERROR;
				CLANG_WARN_RANGE_LOOP_ANALYSIS = YES;
				CLANG_WARN_STRICT_PROTOTYPES = YES;
				CLANG_WARN_SUSPICIOUS_MOVE = YES;
				CLANG_WARN_UNGUARDED_AVAILABILITY = YES_AGGRESSIVE;
				CLANG_WARN_UNREACHABLE_CODE = YES;
				CLANG_WARN__DUPLICATE_METHOD_MATCH = YES;
				CODE_SIGN_IDENTITY = "iPhone Developer";
				COPY_PHASE_STRIP = NO;
				DEBUG_INFORMATION_FORMAT = "dwarf-with-dsym";
				ENABLE_NS_ASSERTIONS = NO;
				ENABLE_STRICT_OBJC_MSGSEND = YES;
				GCC_C_LANGUAGE_STANDARD = gnu11;
				GCC_NO_COMMON_BLOCKS = YES;
				GCC_WARN_64_TO_32_BIT_CONVERSION = YES;
				GCC_WARN_ABOUT_RETURN_TYPE = YES_ERROR;
				GCC_WARN_UNDECLARED_SELECTOR = YES;
				GCC_WARN_UNINITIALIZED_AUTOS = YES_AGGRESSIVE;
				GCC_WARN_UNUSED_FUNCTION = YES;
				GCC_WARN_UNUSED_VARIABLE = YES;
				IPHONEOS_DEPLOYMENT_TARGET = 11.0;
				MTL_ENABLE_DEBUG_INFO = NO;
				SDKROOT = iphoneos;
				VALIDATE_PRODUCT = YES;
			};
			name = Release;
		};
		4811E0F425274EE3001B0B04 /* Debug */ = {
			isa = XCBuildConfiguration;
			buildSettings = {
				ASSETCATALOG_COMPILER_APPICON_NAME = AppIcon;
				CODE_SIGN_STYLE = Automatic;
				DEVELOPMENT_TEAM = PGR2AFG965;
				INFOPLIST_FILE = Demo/Info.plist;
				LD_RUNPATH_SEARCH_PATHS = "$(inherited) @executable_path/Frameworks";
				PRODUCT_BUNDLE_IDENTIFIER = com.aghajari.Demo;
				PRODUCT_NAME = "$(TARGET_NAME)";
				TARGETED_DEVICE_FAMILY = "1,2";
			};
			name = Debug;
		};
		4811E0F525274EE3001B0B04 /* Release */ = {
			isa = XCBuildConfiguration;
			buildSettings = {
				ASSETCATALOG_COMPILER_APPICON_NAME = AppIcon;
				CODE_SIGN_STYLE = Automatic;
				DEVELOPMENT_TEAM = PGR2AFG965;
				INFOPLIST_FILE = Demo/Info.plist;
				LD_RUNPATH_SEARCH_PATHS = "$(inherited) @executable_path/Frameworks";
				PRODUCT_BUNDLE_IDENTIFIER = com.aghajari.Demo;
				PRODUCT_NAME = "$(TARGET_NAME)";
				TARGETED_DEVICE_FAMILY = "1,2";
			};
			name = Release;
		};
		4811E0F725274EE3001B0B04 /* Debug */ = {
			isa = XCBuildConfiguration;
			buildSettings = {
				CODE_SIGN_STYLE = Automatic;
				DEVELOPMENT_TEAM = PGR2AFG965;
				INFOPLIST_FILE = DemoUITests/Info.plist;
				LD_RUNPATH_SEARCH_PATHS = "$(inherited) @executable_path/Frameworks @loader_path/Frameworks";
				PRODUCT_BUNDLE_IDENTIFIER = com.aghajari.DemoUITests;
				PRODUCT_NAME = "$(TARGET_NAME)";
				TARGETED_DEVICE_FAMILY = "1,2";
				TEST_TARGET_NAME = Demo;
			};
			name = Debug;
		};
		4811E0F825274EE3001B0B04 /* Release */ = {
			isa = XCBuildConfiguration;
			buildSettings = {
				CODE_SIGN_STYLE = Automatic;
				DEVELOPMENT_TEAM = PGR2AFG965;
				INFOPLIST_FILE = DemoUITests/Info.plist;
				LD_RUNPATH_SEARCH_PATHS = "$(inherited) @executable_path/Frameworks @loader_path/Frameworks";
				PRODUCT_BUNDLE_IDENTIFIER = com.aghajari.DemoUITests;
				PRODUCT_NAME = "$(TARGET_NAME)";
				TARGETED_DEVICE_FAMILY = "1,2";
				TEST_TARGET_NAME = Demo;
			};
			name = Release;
		};
/* End XCBuildConfiguration section */

/* Begin XCConfigurationList section */
		4811E0CA25274EE2001B0B04 /* Build configuration list for PBXProject "Demo" */ = {
			isa = XCConfigurationList;
			buildConfigurations = (
				4811E0F125274EE3001B0B04 /* Debug */,
				4811E0F225274EE3001B0B04 /* Release */,
			);
			defaultConfigurationIsVisible = 0;
			defaultConfigurationName = Release;
		};
		4811E0F325274EE3001B0B04 /* Build configuration list for PBXNativeTarget "Demo" */ = {
			isa = XCConfigurationList;
			buildConfigurations = (
				4811E0F425274EE3001B0B04 /* Debug */,
				4811E0F525274EE3001B0B04 /* Release */,
			);
			defaultConfigurationIsVisible = 0;
			defaultConfigurationName = Release;
		};
		4811E0F625274EE3001B0B04 /* Build configuration list for PBXNativeTarget "DemoUITests" */ = {
			isa = XCConfigurationList;
			buildConfigurations = (
				4811E0F725274EE3001B0B04 /* Debug */,
				4811E0F825274EE3001B0B04 /* Release */,
			);
			defaultConfigurationIsVisible = 0;
			defaultConfigurationName = Release;
		};
/* End XCConfigurationList section */

/* Begin XCVersionGroup section */
		4811E0DB25274EE2001B0B04 /* Demo.xcdatamodeld */ = {
			isa = XCVersionGroup;
			children = (
				4811E0DC25274EE2001B0B04 /* Demo.xcdatamodel */,
			);
			currentVersion = 4811E0DC25274EE2001B0B04 /* Demo.xcdatamodel */;
			path = Demo.xcdatamodeld;
			sourceTree = "<group>";
			versionGroupType = wrapper.xcdatamodel;
		};
/* End XCVersionGroup section */
	};
	rootObject = 4811E0C725274EE2001B0B04 /* Project object */;
}
